# This file is generated by running "yarn install" inside your project.
# Manual changes might be lost - proceed with caution!

__metadata:
  version: 5
  cacheKey: 8

"eslint-plugin-actions@portal:../::locator=test%40workspace%3A.":
  version: 0.0.0-use.local
  resolution: "eslint-plugin-actions@portal:../::locator=test%40workspace%3A."
  dependencies:
    yaml: ^1.10.0
  peerDependencies:
    eslint: ^8.0.0
  languageName: node
  linkType: soft

"test@workspace:.":
  version: 0.0.0-use.local
  resolution: "test@workspace:."
  dependencies:
    eslint-plugin-actions: "portal:../"
  languageName: unknown
  linkType: soft

"yaml@npm:^1.10.0":
  version: 1.10.2
  resolution: "yaml@npm:1.10.2"
  checksum: ce4ada136e8a78a0b08dc10b4b900936912d15de59905b2bf415b4d33c63df1d555d23acb2a41b23cf9fb5da41c256441afca3d6509de7247daa062fd2c5ea5f
  languageName: node
  linkType: hard
